
Microsoft Visual Studio Solution File, Format Version 10.00
# Visual Studio 2008
Project("{8BC9CEB8-8B4A-11D0-8D11-00A0C91BC942}") = "WpfSys", ".\WpfSys\WpfSys.vcproj", "{AF3CB927-59F7-4614-8706-2B9D23E306B5}"
EndProject
Project("{8BC9CEB8-8B4A-11D0-8D11-00A0C91BC942}") = "WpfTool", ".\WpfTool\WpfTool.vcproj", "{7DD7DF05-89B8-4A4E-8828-C5E093A65944}"
	ProjectSection(ProjectDependencies) = postProject
		{AF3CB927-59F7-4614-8706-2B9D23E306B5} = {AF3CB927-59F7-4614-8706-2B9D23E306B5}
	EndProjectSection
EndProject
Global
	GlobalSection(SolutionConfigurationPlatforms) = preSolution
		Debug|Win32 = Debug|Win32
		Release|Win32 = Release|Win32
	EndGlobalSection
	GlobalSection(ProjectConfigurationPlatforms) = postSolution
		{AF3CB927-59F7-4614-8706-2B9D23E306B5}.Debug|Win32.ActiveCfg = Debug|Win32
		{AF3CB927-59F7-4614-8706-2B9D23E306B5}.Debug|Win32.Build.0 = Debug|Win32
		{AF3CB927-59F7-4614-8706-2B9D23E306B5}.Release|Win32.ActiveCfg = Release|Win32
		{AF3CB927-59F7-4614-8706-2B9D23E306B5}.Release|Win32.Build.0 = Release|Win32
		{7DD7DF05-89B8-4A4E-8828-C5E093A65944}.Debug|Win32.ActiveCfg = Debug|Win32
		{7DD7DF05-89B8-4A4E-8828-C5E093A65944}.Debug|Win32.Build.0 = Debug|Win32
		{7DD7DF05-89B8-4A4E-8828-C5E093A65944}.Release|Win32.ActiveCfg = Release|Win32
		{7DD7DF05-89B8-4A4E-8828-C5E093A65944}.Release|Win32.Build.0 = Release|Win32
	EndGlobalSection
	GlobalSection(SolutionProperties) = preSolution
		HideSolutionNode = FALSE
	EndGlobalSection
EndGlobal
